// !$*UTF8*$!
{
	archiveVersion = 1;
	classes = {
	};
	objectVersion = 46;
	objects = {

/* Begin PBXBuildFile section */
		0464160F1EC981010099D178 /* ItemDetailsVC.swift in Sources */ = {isa = PBXBuildFile; fileRef = 0464160E1EC981010099D178 /* ItemDetailsVC.swift */; };
		04F7E1A31EC959B300542191 /* AppDelegate.swift in Sources */ = {isa = PBXBuildFile; fileRef = 04F7E1A21EC959B300542191 /* AppDelegate.swift */; };
		04F7E1A51EC959B300542191 /* MainVC.swift in Sources */ = {isa = PBXBuildFile; fileRef = 04F7E1A41EC959B300542191 /* MainVC.swift */; };
		04F7E1A81EC959B300542191 /* Main.storyboard in Resources */ = {isa = PBXBuildFile; fileRef = 04F7E1A61EC959B300542191 /* Main.storyboard */; };
		04F7E1AB1EC959B300542191 /* Save_2_Buy.xcdatamodeld in Sources */ = {isa = PBXBuildFile; fileRef = 04F7E1A91EC959B300542191 /* Save_2_Buy.xcdatamodeld */; };
		04F7E1AD1EC959B300542191 /* Assets.xcassets in Resources */ = {isa = PBXBuildFile; fileRef = 04F7E1AC1EC959B300542191 /* Assets.xcassets */; };
		04F7E1B01EC959B300542191 /* LaunchScreen.storyboard in Resources */ = {isa = PBXBuildFile; fileRef = 04F7E1AE1EC959B300542191 /* LaunchScreen.storyboard */; };
		04F7E1CF1EC9685C00542191 /* Store+CoreDataClass.swift in Sources */ = {isa = PBXBuildFile; fileRef = 04F7E1C71EC9685C00542191 /* Store+CoreDataClass.swift */; };
		04F7E1D01EC9685C00542191 /* Store+CoreDataProperties.swift in Sources */ = {isa = PBXBuildFile; fileRef = 04F7E1C81EC9685C00542191 /* Store+CoreDataProperties.swift */; };
		04F7E1D11EC9685C00542191 /* Item+CoreDataClass.swift in Sources */ = {isa = PBXBuildFile; fileRef = 04F7E1C91EC9685C00542191 /* Item+CoreDataClass.swift */; };
		04F7E1D21EC9685C00542191 /* Item+CoreDataProperties.swift in Sources */ = {isa = PBXBuildFile; fileRef = 04F7E1CA1EC9685C00542191 /* Item+CoreDataProperties.swift */; };
		04F7E1D31EC9685C00542191 /* ItemType+CoreDataClass.swift in Sources */ = {isa = PBXBuildFile; fileRef = 04F7E1CB1EC9685C00542191 /* ItemType+CoreDataClass.swift */; };
		04F7E1D41EC9685C00542191 /* ItemType+CoreDataProperties.swift in Sources */ = {isa = PBXBuildFile; fileRef = 04F7E1CC1EC9685C00542191 /* ItemType+CoreDataProperties.swift */; };
		04F7E1D51EC9685C00542191 /* Image+CoreDataClass.swift in Sources */ = {isa = PBXBuildFile; fileRef = 04F7E1CD1EC9685C00542191 /* Image+CoreDataClass.swift */; };
		04F7E1D61EC9685C00542191 /* Image+CoreDataProperties.swift in Sources */ = {isa = PBXBuildFile; fileRef = 04F7E1CE1EC9685C00542191 /* Image+CoreDataProperties.swift */; };
		04F7E1DB1EC970DA00542191 /* MaterialView.swift in Sources */ = {isa = PBXBuildFile; fileRef = 04F7E1DA1EC970DA00542191 /* MaterialView.swift */; };
		04F7E1DD1EC9728900542191 /* CustomTextField.swift in Sources */ = {isa = PBXBuildFile; fileRef = 04F7E1DC1EC9728900542191 /* CustomTextField.swift */; };
		04F7E1DF1EC9747100542191 /* ItemCell.swift in Sources */ = {isa = PBXBuildFile; fileRef = 04F7E1DE1EC9747100542191 /* ItemCell.swift */; };
/* End PBXBuildFile section */

/* Begin PBXFileReference section */
		0464160E1EC981010099D178 /* ItemDetailsVC.swift */ = {isa = PBXFileReference; fileEncoding = 4; lastKnownFileType = sourcecode.swift; path = ItemDetailsVC.swift; sourceTree = "<group>"; };
		04F7E19F1EC959B300542191 /* Save 2 Buy.app */ = {isa = PBXFileReference; explicitFileType = wrapper.application; includeInIndex = 0; path = "Save 2 Buy.app"; sourceTree = BUILT_PRODUCTS_DIR; };
		04F7E1A21EC959B300542191 /* AppDelegate.swift */ = {isa = PBXFileReference; lastKnownFileType = sourcecode.swift; path = AppDelegate.swift; sourceTree = "<group>"; };
		04F7E1A41EC959B300542191 /* MainVC.swift */ = {isa = PBXFileReference; lastKnownFileType = sourcecode.swift; path = MainVC.swift; sourceTree = "<group>"; };
		04F7E1A71EC959B300542191 /* Base */ = {isa = PBXFileReference; lastKnownFileType = file.storyboard; name = Base; path = Base.lproj/Main.storyboard; sourceTree = "<group>"; };
		04F7E1AA1EC959B300542191 /* Save_2_Buy.xcdatamodel */ = {isa = PBXFileReference; lastKnownFileType = wrapper.xcdatamodel; path = Save_2_Buy.xcdatamodel; sourceTree = "<group>"; };
		04F7E1AC1EC959B300542191 /* Assets.xcassets */ = {isa = PBXFileReference; lastKnownFileType = folder.assetcatalog; path = Assets.xcassets; sourceTree = "<group>"; };
		04F7E1AF1EC959B300542191 /* Base */ = {isa = PBXFileReference; lastKnownFileType = file.storyboard; name = Base; path = Base.lproj/LaunchScreen.storyboard; sourceTree = "<group>"; };
		04F7E1B11EC959B300542191 /* Info.plist */ = {isa = PBXFileReference; lastKnownFileType = text.plist.xml; path = Info.plist; sourceTree = "<group>"; };
		04F7E1C71EC9685C00542191 /* Store+CoreDataClass.swift */ = {isa = PBXFileReference; fileEncoding = 4; lastKnownFileType = sourcecode.swift; name = "Store+CoreDataClass.swift"; path = "../Store+CoreDataClass.swift"; sourceTree = "<group>"; };
		04F7E1C81EC9685C00542191 /* Store+CoreDataProperties.swift */ = {isa = PBXFileReference; fileEncoding = 4; lastKnownFileType = sourcecode.swift; name = "Store+CoreDataProperties.swift"; path = "../Store+CoreDataProperties.swift"; sourceTree = "<group>"; };
		04F7E1C91EC9685C00542191 /* Item+CoreDataClass.swift */ = {isa = PBXFileReference; fileEncoding = 4; lastKnownFileType = sourcecode.swift; name = "Item+CoreDataClass.swift"; path = "../Item+CoreDataClass.swift"; sourceTree = "<group>"; };
		04F7E1CA1EC9685C00542191 /* Item+CoreDataProperties.swift */ = {isa = PBXFileReference; fileEncoding = 4; lastKnownFileType = sourcecode.swift; name = "Item+CoreDataProperties.swift"; path = "../Item+CoreDataProperties.swift"; sourceTree = "<group>"; };
		04F7E1CB1EC9685C00542191 /* ItemType+CoreDataClass.swift */ = {isa = PBXFileReference; fileEncoding = 4; lastKnownFileType = sourcecode.swift; name = "ItemType+CoreDataClass.swift"; path = "../ItemType+CoreDataClass.swift"; sourceTree = "<group>"; };
		04F7E1CC1EC9685C00542191 /* ItemType+CoreDataProperties.swift */ = {isa = PBXFileReference; fileEncoding = 4; lastKnownFileType = sourcecode.swift; name = "ItemType+CoreDataProperties.swift"; path = "../ItemType+CoreDataProperties.swift"; sourceTree = "<group>"; };
		04F7E1CD1EC9685C00542191 /* Image+CoreDataClass.swift */ = {isa = PBXFileReference; fileEncoding = 4; lastKnownFileType = sourcecode.swift; name = "Image+CoreDataClass.swift"; path = "../Image+CoreDataClass.swift"; sourceTree = "<group>"; };
		04F7E1CE1EC9685C00542191 /* Image+CoreDataProperties.swift */ = {isa = PBXFileReference; fileEncoding = 4; lastKnownFileType = sourcecode.swift; name = "Image+CoreDataProperties.swift"; path = "../Image+CoreDataProperties.swift"; sourceTree = "<group>"; };
		04F7E1DA1EC970DA00542191 /* MaterialView.swift */ = {isa = PBXFileReference; fileEncoding = 4; lastKnownFileType = sourcecode.swift; path = MaterialView.swift; sourceTree = "<group>"; };
		04F7E1DC1EC9728900542191 /* CustomTextField.swift */ = {isa = PBXFileReference; fileEncoding = 4; lastKnownFileType = sourcecode.swift; name = CustomTextField.swift; path = "../../DreamLister Assets/CustomTextField.swift"; sourceTree = "<group>"; };
		04F7E1DE1EC9747100542191 /* ItemCell.swift */ = {isa = PBXFileReference; fileEncoding = 4; lastKnownFileType = sourcecode.swift; path = ItemCell.swift; sourceTree = "<group>"; };
/* End PBXFileReference section */

/* Begin PBXFrameworksBuildPhase section */
		04F7E19C1EC959B300542191 /* Frameworks */ = {
			isa = PBXFrameworksBuildPhase;
			buildActionMask = 2147483647;
			files = (
			);
			runOnlyForDeploymentPostprocessing = 0;
		};
/* End PBXFrameworksBuildPhase section */

/* Begin PBXGroup section */
		0464160D1EC980D00099D178 /* Controller */ = {
			isa = PBXGroup;
			children = (
				04F7E1A41EC959B300542191 /* MainVC.swift */,
				0464160E1EC981010099D178 /* ItemDetailsVC.swift */,
			);
			name = Controller;
			path = "Save 2 Buy";
			sourceTree = "<group>";
		};
		04F7E1961EC959B300542191 = {
			isa = PBXGroup;
			children = (
				04F7E1D71EC9687200542191 /* Model */,
				0464160D1EC980D00099D178 /* Controller */,
				04F7E1D91EC970C100542191 /* View */,
				04F7E1A11EC959B300542191 /* Save 2 Buy */,
				04F7E1A01EC959B300542191 /* Products */,
			);
			sourceTree = "<group>";
		};
		04F7E1A01EC959B300542191 /* Products */ = {
			isa = PBXGroup;
			children = (
				04F7E19F1EC959B300542191 /* Save 2 Buy.app */,
			);
			name = Products;
			sourceTree = "<group>";
		};
		04F7E1A11EC959B300542191 /* Save 2 Buy */ = {
			isa = PBXGroup;
			children = (
				04F7E1A21EC959B300542191 /* AppDelegate.swift */,
				04F7E1A61EC959B300542191 /* Main.storyboard */,
				04F7E1AC1EC959B300542191 /* Assets.xcassets */,
				04F7E1AE1EC959B300542191 /* LaunchScreen.storyboard */,
				04F7E1B11EC959B300542191 /* Info.plist */,
				04F7E1A91EC959B300542191 /* Save_2_Buy.xcdatamodeld */,
			);
			path = "Save 2 Buy";
			sourceTree = "<group>";
		};
		04F7E1D71EC9687200542191 /* Model */ = {
			isa = PBXGroup;
			children = (
				04F7E1C71EC9685C00542191 /* Store+CoreDataClass.swift */,
				04F7E1C91EC9685C00542191 /* Item+CoreDataClass.swift */,
				04F7E1CB1EC9685C00542191 /* ItemType+CoreDataClass.swift */,
				04F7E1CD1EC9685C00542191 /* Image+CoreDataClass.swift */,
				04F7E1D81EC9688700542191 /* Generated */,
			);
			name = Model;
			path = "Save 2 Buy";
			sourceTree = "<group>";
		};
		04F7E1D81EC9688700542191 /* Generated */ = {
			isa = PBXGroup;
			children = (
				04F7E1C81EC9685C00542191 /* Store+CoreDataProperties.swift */,
				04F7E1CE1EC9685C00542191 /* Image+CoreDataProperties.swift */,
				04F7E1CC1EC9685C00542191 /* ItemType+CoreDataProperties.swift */,
				04F7E1CA1EC9685C00542191 /* Item+CoreDataProperties.swift */,
			);
			name = Generated;
			sourceTree = "<group>";
		};
		04F7E1D91EC970C100542191 /* View */ = {
			isa = PBXGroup;
			children = (
				04F7E1DA1EC970DA00542191 /* MaterialView.swift */,
				04F7E1DE1EC9747100542191 /* ItemCell.swift */,
				04F7E1DC1EC9728900542191 /* CustomTextField.swift */,
			);
			name = View;
			path = "Save 2 Buy";
			sourceTree = "<group>";
		};
/* End PBXGroup section */

/* Begin PBXNativeTarget section */
		04F7E19E1EC959B300542191 /* Save 2 Buy */ = {
			isa = PBXNativeTarget;
			buildConfigurationList = 04F7E1B41EC959B300542191 /* Build configuration list for PBXNativeTarget "Save 2 Buy" */;
			buildPhases = (
				04F7E19B1EC959B300542191 /* Sources */,
				04F7E19C1EC959B300542191 /* Frameworks */,
				04F7E19D1EC959B300542191 /* Resources */,
			);
			buildRules = (
			);
			dependencies = (
			);
			name = "Save 2 Buy";
			productName = "Save 2 Buy";
			productReference = 04F7E19F1EC959B300542191 /* Save 2 Buy.app */;
			productType = "com.apple.product-type.application";
		};
/* End PBXNativeTarget section */

/* Begin PBXProject section */
		04F7E1971EC959B300542191 /* Project object */ = {
			isa = PBXProject;
			attributes = {
				LastSwiftUpdateCheck = 0830;
				LastUpgradeCheck = 0830;
				ORGANIZATIONNAME = kade;
				TargetAttributes = {
					04F7E19E1EC959B300542191 = {
						CreatedOnToolsVersion = 8.3.2;
						DevelopmentTeam = YFZ69CXAAZ;
						ProvisioningStyle = Automatic;
					};
				};
			};
			buildConfigurationList = 04F7E19A1EC959B300542191 /* Build configuration list for PBXProject "Save 2 Buy" */;
			compatibilityVersion = "Xcode 3.2";
			developmentRegion = English;
			hasScannedForEncodings = 0;
			knownRegions = (
				en,
				Base,
			);
			mainGroup = 04F7E1961EC959B300542191;
			productRefGroup = 04F7E1A01EC959B300542191 /* Products */;
			projectDirPath = "";
			projectRoot = "";
			targets = (
				04F7E19E1EC959B300542191 /* Save 2 Buy */,
			);
		};
/* End PBXProject section */

/* Begin PBXResourcesBuildPhase section */
		04F7E19D1EC959B300542191 /* Resources */ = {
			isa = PBXResourcesBuildPhase;
			buildActionMask = 2147483647;
			files = (
				04F7E1B01EC959B300542191 /* LaunchScreen.storyboard in Resources */,
				04F7E1AD1EC959B300542191 /* Assets.xcassets in Resources */,
				04F7E1A81EC959B300542191 /* Main.storyboard in Resources */,
			);
			runOnlyForDeploymentPostprocessing = 0;
		};
/* End PBXResourcesBuildPhase section */

/* Begin PBXSourcesBuildPhase section */
		04F7E19B1EC959B300542191 /* Sources */ = {
			isa = PBXSourcesBuildPhase;
			buildActionMask = 2147483647;
			files = (
				04F7E1DD1EC9728900542191 /* CustomTextField.swift in Sources */,
				04F7E1D21EC9685C00542191 /* Item+CoreDataProperties.swift in Sources */,
				04F7E1D11EC9685C00542191 /* Item+CoreDataClass.swift in Sources */,
				04F7E1D41EC9685C00542191 /* ItemType+CoreDataProperties.swift in Sources */,
				04F7E1DF1EC9747100542191 /* ItemCell.swift in Sources */,
				04F7E1DB1EC970DA00542191 /* MaterialView.swift in Sources */,
				04F7E1D01EC9685C00542191 /* Store+CoreDataProperties.swift in Sources */,
				04F7E1A51EC959B300542191 /* MainVC.swift in Sources */,
				04F7E1D31EC9685C00542191 /* ItemType+CoreDataClass.swift in Sources */,
				0464160F1EC981010099D178 /* ItemDetailsVC.swift in Sources */,
				04F7E1CF1EC9685C00542191 /* Store+CoreDataClass.swift in Sources */,
				04F7E1A31EC959B300542191 /* AppDelegate.swift in Sources */,
				04F7E1AB1EC959B300542191 /* Save_2_Buy.xcdatamodeld in Sources */,
				04F7E1D51EC9685C00542191 /* Image+CoreDataClass.swift in Sources */,
				04F7E1D61EC9685C00542191 /* Image+CoreDataProperties.swift in Sources */,
			);
			runOnlyForDeploymentPostprocessing = 0;
		};
/* End PBXSourcesBuildPhase section */

/* Begin PBXVariantGroup section */
		04F7E1A61EC959B300542191 /* Main.storyboard */ = {
			isa = PBXVariantGroup;
			children = (
				04F7E1A71EC959B300542191 /* Base */,
			);
			name = Main.storyboard;
			sourceTree = "<group>";
		};
		04F7E1AE1EC959B300542191 /* LaunchScreen.storyboard */ = {
			isa = PBXVariantGroup;
			children = (
				04F7E1AF1EC959B300542191 /* Base */,
			);
			name = LaunchScreen.storyboard;
			sourceTree = "<group>";
		};
/* End PBXVariantGroup section */

/* Begin XCBuildConfiguration section */
		04F7E1B21EC959B300542191 /* Debug */ = {
			isa = XCBuildConfiguration;
			buildSettings = {
				ALWAYS_SEARCH_USER_PATHS = NO;
				CLANG_ANALYZER_NONNULL = YES;
				CLANG_ANALYZER_NUMBER_OBJECT_CONVERSION = YES_AGGRESSIVE;
				CLANG_CXX_LANGUAGE_STANDARD = "gnu++0x";
				CLANG_CXX_LIBRARY = "libc++";
				CLANG_ENABLE_MODULES = YES;
				CLANG_ENABLE_OBJC_ARC = YES;
				CLANG_WARN_BOOL_CONVERSION = YES;
				CLANG_WARN_CONSTANT_CONVERSION = YES;
				CLANG_WARN_DIRECT_OBJC_ISA_USAGE = YES_ERROR;
				CLANG_WARN_DOCUMENTATION_COMMENTS = YES;
				CLANG_WARN_EMPTY_BODY = YES;
				CLANG_WARN_ENUM_CONVERSION = YES;
				CLANG_WARN_INFINITE_RECURSION = YES;
				CLANG_WARN_INT_CONVERSION = YES;
				CLANG_WARN_OBJC_ROOT_CLASS = YES_ERROR;
				CLANG_WARN_SUSPICIOUS_MOVE = YES;
				CLANG_WARN_UNREACHABLE_CODE = YES;
				CLANG_WARN__DUPLICATE_METHOD_MATCH = YES;
				"CODE_SIGN_IDENTITY[sdk=iphoneos*]" = "iPhone Developer";
				COPY_PHASE_STRIP = NO;
				DEBUG_INFORMATION_FORMAT = dwarf;
				ENABLE_STRICT_OBJC_MSGSEND = YES;
				ENABLE_TESTABILITY = YES;
				GCC_C_LANGUAGE_STANDARD = gnu99;
				GCC_DYNAMIC_NO_PIC = NO;
				GCC_NO_COMMON_BLOCKS = YES;
				GCC_OPTIMIZATION_LEVEL = 0;
				GCC_PREPROCESSOR_DEFINITIONS = (
					"DEBUG=1",
					"$(inherited)",
				);
				GCC_WARN_64_TO_32_BIT_CONVERSION = YES;
				GCC_WARN_ABOUT_RETURN_TYPE = YES_ERROR;
				GCC_WARN_UNDECLARED_SELECTOR = YES;
				GCC_WARN_UNINITIALIZED_AUTOS = YES_AGGRESSIVE;
				GCC_WARN_UNUSED_FUNCTION = YES;
				GCC_WARN_UNUSED_VARIABLE = YES;
				IPHONEOS_DEPLOYMENT_TARGET = 10.3;
				MTL_ENABLE_DEBUG_INFO = YES;
				ONLY_ACTIVE_ARCH = YES;
				SDKROOT = iphoneos;
				SWIFT_ACTIVE_COMPILATION_CONDITIONS = DEBUG;
				SWIFT_OPTIMIZATION_LEVEL = "-Onone";
				TARGETED_DEVICE_FAMILY = "1,2";
			};
			name = Debug;
		};
		04F7E1B31EC959B300542191 /* Release */ = {
			isa = XCBuildConfiguration;
			buildSettings = {
				ALWAYS_SEARCH_USER_PATHS = NO;
				CLANG_ANALYZER_NONNULL = YES;
				CLANG_ANALYZER_NUMBER_OBJECT_CONVERSION = YES_AGGRESSIVE;
				CLANG_CXX_LANGUAGE_STANDARD = "gnu++0x";
				CLANG_CXX_LIBRARY = "libc++";
				CLANG_ENABLE_MODULES = YES;
				CLANG_ENABLE_OBJC_ARC = YES;
				CLANG_WARN_BOOL_CONVERSION = YES;
				CLANG_WARN_CONSTANT_CONVERSION = YES;
				CLANG_WARN_DIRECT_OBJC_ISA_USAGE = YES_ERROR;
				CLANG_WARN_DOCUMENTATION_COMMENTS = YES;
				CLANG_WARN_EMPTY_BODY = YES;
				CLANG_WARN_ENUM_CONVERSION = YES;
				CLANG_WARN_INFINITE_RECURSION = YES;
				CLANG_WARN_INT_CONVERSION = YES;
				CLANG_WARN_OBJC_ROOT_CLASS = YES_ERROR;
				CLANG_WARN_SUSPICIOUS_MOVE = YES;
				CLANG_WARN_UNREACHABLE_CODE = YES;
				CLANG_WARN__DUPLICATE_METHOD_MATCH = YES;
				"CODE_SIGN_IDENTITY[sdk=iphoneos*]" = "iPhone Developer";
				COPY_PHASE_STRIP = NO;
				DEBUG_INFORMATION_FORMAT = "dwarf-with-dsym";
				ENABLE_NS_ASSERTIONS = NO;
				ENABLE_STRICT_OBJC_MSGSEND = YES;
				GCC_C_LANGUAGE_STANDARD = gnu99;
				GCC_NO_COMMON_BLOCKS = YES;
				GCC_WARN_64_TO_32_BIT_CONVERSION = YES;
				GCC_WARN_ABOUT_RETURN_TYPE = YES_ERROR;
				GCC_WARN_UNDECLARED_SELECTOR = YES;
				GCC_WARN_UNINITIALIZED_AUTOS = YES_AGGRESSIVE;
				GCC_WARN_UNUSED_FUNCTION = YES;
				GCC_WARN_UNUSED_VARIABLE = YES;
				IPHONEOS_DEPLOYMENT_TARGET = 10.3;
				MTL_ENABLE_DEBUG_INFO = NO;
				SDKROOT = iphoneos;
				SWIFT_OPTIMIZATION_LEVEL = "-Owholemodule";
				TARGETED_DEVICE_FAMILY = "1,2";
				VALIDATE_PRODUCT = YES;
			};
			name = Release;
		};
		04F7E1B51EC959B300542191 /* Debug */ = {
			isa = XCBuildConfiguration;
			buildSettings = {
				ASSETCATALOG_COMPILER_APPICON_NAME = AppIcon;
				DEVELOPMENT_TEAM = YFZ69CXAAZ;
				INFOPLIST_FILE = "Save 2 Buy/Info.plist";
				LD_RUNPATH_SEARCH_PATHS = "$(inherited) @executable_path/Frameworks";
				PRODUCT_BUNDLE_IDENTIFIER = "com.kade.Save-2-Buy";
				PRODUCT_NAME = "$(TARGET_NAME)";
				SWIFT_VERSION = 3.0;
			};
			name = Debug;
		};
		04F7E1B61EC959B300542191 /* Release */ = {
			isa = XCBuildConfiguration;
			buildSettings = {
				ASSETCATALOG_COMPILER_APPICON_NAME = AppIcon;
				DEVELOPMENT_TEAM = YFZ69CXAAZ;
				INFOPLIST_FILE = "Save 2 Buy/Info.plist";
				LD_RUNPATH_SEARCH_PATHS = "$(inherited) @executable_path/Frameworks";
				PRODUCT_BUNDLE_IDENTIFIER = "com.kade.Save-2-Buy";
				PRODUCT_NAME = "$(TARGET_NAME)";
				SWIFT_VERSION = 3.0;
			};
			name = Release;
		};
/* End XCBuildConfiguration section */

/* Begin XCConfigurationList section */
		04F7E19A1EC959B300542191 /* Build configuration list for PBXProject "Save 2 Buy" */ = {
			isa = XCConfigurationList;
			buildConfigurations = (
				04F7E1B21EC959B300542191 /* Debug */,
				04F7E1B31EC959B300542191 /* Release */,
			);
			defaultConfigurationIsVisible = 0;
			defaultConfigurationName = Release;
		};
		04F7E1B41EC959B300542191 /* Build configuration list for PBXNativeTarget "Save 2 Buy" */ = {
			isa = XCConfigurationList;
			buildConfigurations = (
				04F7E1B51EC959B300542191 /* Debug */,
				04F7E1B61EC959B300542191 /* Release */,
			);
			defaultConfigurationIsVisible = 0;
			defaultConfigurationName = Release;
		};
/* End XCConfigurationList section */

/* Begin XCVersionGroup section */
		04F7E1A91EC959B300542191 /* Save_2_Buy.xcdatamodeld */ = {
			isa = XCVersionGroup;
			children = (
				04F7E1AA1EC959B300542191 /* Save_2_Buy.xcdatamodel */,
			);
			currentVersion = 04F7E1AA1EC959B300542191 /* Save_2_Buy.xcdatamodel */;
			path = Save_2_Buy.xcdatamodeld;
			sourceTree = "<group>";
			versionGroupType = wrapper.xcdatamodel;
		};
/* End XCVersionGroup section */
	};
	rootObject = 04F7E1971EC959B300542191 /* Project object */;
}
